// !$*UTF8*$!
{
	archiveVersion = 1;
	classes = {
	};
	objectVersion = 56;
	objects = {

/* Begin PBXBuildFile section */
		08A7181A2A991DD700DE3547 /* Text_StuffApp.swift in Sources */ = {isa = PBXBuildFile; fileRef = 08A718192A991DD700DE3547 /* Text_StuffApp.swift */; };
		08A7181C2A991DD700DE3547 /* ContentView.swift in Sources */ = {isa = PBXBuildFile; fileRef = 08A7181B2A991DD700DE3547 /* ContentView.swift */; };
		08A7181E2A991DD900DE3547 /* Assets.xcassets in Resources */ = {isa = PBXBuildFile; fileRef = 08A7181D2A991DD900DE3547 /* Assets.xcassets */; };
		08A718222A991DD900DE3547 /* Preview Assets.xcassets in Resources */ = {isa = PBXBuildFile; fileRef = 08A718212A991DD900DE3547 /* Preview Assets.xcassets */; };
		08A7182C2A991DD900DE3547 /* Text_StuffTests.swift in Sources */ = {isa = PBXBuildFile; fileRef = 08A7182B2A991DD900DE3547 /* Text_StuffTests.swift */; };
		08A718362A991DD900DE3547 /* Text_StuffUITests.swift in Sources */ = {isa = PBXBuildFile; fileRef = 08A718352A991DD900DE3547 /* Text_StuffUITests.swift */; };
		08A718382A991DD900DE3547 /* Text_StuffUITestsLaunchTests.swift in Sources */ = {isa = PBXBuildFile; fileRef = 08A718372A991DD900DE3547 /* Text_StuffUITestsLaunchTests.swift */; };
/* End PBXBuildFile section */

/* Begin PBXContainerItemProxy section */
		08A718282A991DD900DE3547 /* PBXContainerItemProxy */ = {
			isa = PBXContainerItemProxy;
			containerPortal = 08A7180E2A991DD700DE3547 /* Project object */;
			proxyType = 1;
			remoteGlobalIDString = 08A718152A991DD700DE3547;
			remoteInfo = "Text Stuff";
		};
		08A718322A991DD900DE3547 /* PBXContainerItemProxy */ = {
			isa = PBXContainerItemProxy;
			containerPortal = 08A7180E2A991DD700DE3547 /* Project object */;
			proxyType = 1;
			remoteGlobalIDString = 08A718152A991DD700DE3547;
			remoteInfo = "Text Stuff";
		};
/* End PBXContainerItemProxy section */

/* Begin PBXFileReference section */
		08A718162A991DD700DE3547 /* Text Stuff.app */ = {isa = PBXFileReference; explicitFileType = wrapper.application; includeInIndex = 0; path = "Text Stuff.app"; sourceTree = BUILT_PRODUCTS_DIR; };
		08A718192A991DD700DE3547 /* Text_StuffApp.swift */ = {isa = PBXFileReference; lastKnownFileType = sourcecode.swift; path = Text_StuffApp.swift; sourceTree = "<group>"; };
		08A7181B2A991DD700DE3547 /* ContentView.swift */ = {isa = PBXFileReference; lastKnownFileType = sourcecode.swift; path = ContentView.swift; sourceTree = "<group>"; };
		08A7181D2A991DD900DE3547 /* Assets.xcassets */ = {isa = PBXFileReference; lastKnownFileType = folder.assetcatalog; path = Assets.xcassets; sourceTree = "<group>"; };
		08A7181F2A991DD900DE3547 /* Text_Stuff.entitlements */ = {isa = PBXFileReference; lastKnownFileType = text.plist.entitlements; path = Text_Stuff.entitlements; sourceTree = "<group>"; };
		08A718212A991DD900DE3547 /* Preview Assets.xcassets */ = {isa = PBXFileReference; lastKnownFileType = folder.assetcatalog; path = "Preview Assets.xcassets"; sourceTree = "<group>"; };
		08A718272A991DD900DE3547 /* Text StuffTests.xctest */ = {isa = PBXFileReference; explicitFileType = wrapper.cfbundle; includeInIndex = 0; path = "Text StuffTests.xctest"; sourceTree = BUILT_PRODUCTS_DIR; };
		08A7182B2A991DD900DE3547 /* Text_StuffTests.swift */ = {isa = PBXFileReference; lastKnownFileType = sourcecode.swift; path = Text_StuffTests.swift; sourceTree = "<group>"; };
		08A718312A991DD900DE3547 /* Text StuffUITests.xctest */ = {isa = PBXFileReference; explicitFileType = wrapper.cfbundle; includeInIndex = 0; path = "Text StuffUITests.xctest"; sourceTree = BUILT_PRODUCTS_DIR; };
		08A718352A991DD900DE3547 /* Text_StuffUITests.swift */ = {isa = PBXFileReference; lastKnownFileType = sourcecode.swift; path = Text_StuffUITests.swift; sourceTree = "<group>"; };
		08A718372A991DD900DE3547 /* Text_StuffUITestsLaunchTests.swift */ = {isa = PBXFileReference; lastKnownFileType = sourcecode.swift; path = Text_StuffUITestsLaunchTests.swift; sourceTree = "<group>"; };
/* End PBXFileReference section */

/* Begin PBXFrameworksBuildPhase section */
		08A718132A991DD700DE3547 /* Frameworks */ = {
			isa = PBXFrameworksBuildPhase;
			buildActionMask = 2147483647;
			files = (
			);
			runOnlyForDeploymentPostprocessing = 0;
		};
		08A718242A991DD900DE3547 /* Frameworks */ = {
			isa = PBXFrameworksBuildPhase;
			buildActionMask = 2147483647;
			files = (
			);
			runOnlyForDeploymentPostprocessing = 0;
		};
		08A7182E2A991DD900DE3547 /* Frameworks */ = {
			isa = PBXFrameworksBuildPhase;
			buildActionMask = 2147483647;
			files = (
			);
			runOnlyForDeploymentPostprocessing = 0;
		};
/* End PBXFrameworksBuildPhase section */

/* Begin PBXGroup section */
		08A7180D2A991DD700DE3547 = {
			isa = PBXGroup;
			children = (
				08A718182A991DD700DE3547 /* Text Stuff */,
				08A7182A2A991DD900DE3547 /* Text StuffTests */,
				08A718342A991DD900DE3547 /* Text StuffUITests */,
				08A718172A991DD700DE3547 /* Products */,
			);
			sourceTree = "<group>";
		};
		08A718172A991DD700DE3547 /* Products */ = {
			isa = PBXGroup;
			children = (
				08A718162A991DD700DE3547 /* Text Stuff.app */,
				08A718272A991DD900DE3547 /* Text StuffTests.xctest */,
				08A718312A991DD900DE3547 /* Text StuffUITests.xctest */,
			);
			name = Products;
			sourceTree = "<group>";
		};
		08A718182A991DD700DE3547 /* Text Stuff */ = {
			isa = PBXGroup;
			children = (
				08A718192A991DD700DE3547 /* Text_StuffApp.swift */,
				08A7181B2A991DD700DE3547 /* ContentView.swift */,
				08A7181D2A991DD900DE3547 /* Assets.xcassets */,
				08A7181F2A991DD900DE3547 /* Text_Stuff.entitlements */,
				08A718202A991DD900DE3547 /* Preview Content */,
			);
			path = "Text Stuff";
			sourceTree = "<group>";
		};
		08A718202A991DD900DE3547 /* Preview Content */ = {
			isa = PBXGroup;
			children = (
				08A718212A991DD900DE3547 /* Preview Assets.xcassets */,
			);
			path = "Preview Content";
			sourceTree = "<group>";
		};
		08A7182A2A991DD900DE3547 /* Text StuffTests */ = {
			isa = PBXGroup;
			children = (
				08A7182B2A991DD900DE3547 /* Text_StuffTests.swift */,
			);
			path = "Text StuffTests";
			sourceTree = "<group>";
		};
		08A718342A991DD900DE3547 /* Text StuffUITests */ = {
			isa = PBXGroup;
			children = (
				08A718352A991DD900DE3547 /* Text_StuffUITests.swift */,
				08A718372A991DD900DE3547 /* Text_StuffUITestsLaunchTests.swift */,
			);
			path = "Text StuffUITests";
			sourceTree = "<group>";
		};
/* End PBXGroup section */

/* Begin PBXNativeTarget section */
		08A718152A991DD700DE3547 /* Text Stuff */ = {
			isa = PBXNativeTarget;
			buildConfigurationList = 08A7183B2A991DD900DE3547 /* Build configuration list for PBXNativeTarget "Text Stuff" */;
			buildPhases = (
				08A718122A991DD700DE3547 /* Sources */,
				08A718132A991DD700DE3547 /* Frameworks */,
				08A718142A991DD700DE3547 /* Resources */,
			);
			buildRules = (
			);
			dependencies = (
			);
			name = "Text Stuff";
			productName = "Text Stuff";
			productReference = 08A718162A991DD700DE3547 /* Text Stuff.app */;
			productType = "com.apple.product-type.application";
		};
		08A718262A991DD900DE3547 /* Text StuffTests */ = {
			isa = PBXNativeTarget;
			buildConfigurationList = 08A7183E2A991DD900DE3547 /* Build configuration list for PBXNativeTarget "Text StuffTests" */;
			buildPhases = (
				08A718232A991DD900DE3547 /* Sources */,
				08A718242A991DD900DE3547 /* Frameworks */,
				08A718252A991DD900DE3547 /* Resources */,
			);
			buildRules = (
			);
			dependencies = (
				08A718292A991DD900DE3547 /* PBXTargetDependency */,
			);
			name = "Text StuffTests";
			productName = "Text StuffTests";
			productReference = 08A718272A991DD900DE3547 /* Text StuffTests.xctest */;
			productType = "com.apple.product-type.bundle.unit-test";
		};
		08A718302A991DD900DE3547 /* Text StuffUITests */ = {
			isa = PBXNativeTarget;
			buildConfigurationList = 08A718412A991DD900DE3547 /* Build configuration list for PBXNativeTarget "Text StuffUITests" */;
			buildPhases = (
				08A7182D2A991DD900DE3547 /* Sources */,
				08A7182E2A991DD900DE3547 /* Frameworks */,
				08A7182F2A991DD900DE3547 /* Resources */,
			);
			buildRules = (
			);
			dependencies = (
				08A718332A991DD900DE3547 /* PBXTargetDependency */,
			);
			name = "Text StuffUITests";
			productName = "Text StuffUITests";
			productReference = 08A718312A991DD900DE3547 /* Text StuffUITests.xctest */;
			productType = "com.apple.product-type.bundle.ui-testing";
		};
/* End PBXNativeTarget section */

/* Begin PBXProject section */
		08A7180E2A991DD700DE3547 /* Project object */ = {
			isa = PBXProject;
			attributes = {
				BuildIndependentTargetsInParallel = 1;
				LastSwiftUpdateCheck = 1430;
				LastUpgradeCheck = 1430;
				TargetAttributes = {
					08A718152A991DD700DE3547 = {
						CreatedOnToolsVersion = 14.3.1;
					};
					08A718262A991DD900DE3547 = {
						CreatedOnToolsVersion = 14.3.1;
						TestTargetID = 08A718152A991DD700DE3547;
					};
					08A718302A991DD900DE3547 = {
						CreatedOnToolsVersion = 14.3.1;
						TestTargetID = 08A718152A991DD700DE3547;
					};
				};
			};
			buildConfigurationList = 08A718112A991DD700DE3547 /* Build configuration list for PBXProject "Text Stuff" */;
			compatibilityVersion = "Xcode 14.0";
			developmentRegion = en;
			hasScannedForEncodings = 0;
			knownRegions = (
				en,
				Base,
			);
			mainGroup = 08A7180D2A991DD700DE3547;
			productRefGroup = 08A718172A991DD700DE3547 /* Products */;
			projectDirPath = "";
			projectRoot = "";
			targets = (
				08A718152A991DD700DE3547 /* Text Stuff */,
				08A718262A991DD900DE3547 /* Text StuffTests */,
				08A718302A991DD900DE3547 /* Text StuffUITests */,
			);
		};
/* End PBXProject section */

/* Begin PBXResourcesBuildPhase section */
		08A718142A991DD700DE3547 /* Resources */ = {
			isa = PBXResourcesBuildPhase;
			buildActionMask = 2147483647;
			files = (
				08A718222A991DD900DE3547 /* Preview Assets.xcassets in Resources */,
				08A7181E2A991DD900DE3547 /* Assets.xcassets in Resources */,
			);
			runOnlyForDeploymentPostprocessing = 0;
		};
		08A718252A991DD900DE3547 /* Resources */ = {
			isa = PBXResourcesBuildPhase;
			buildActionMask = 2147483647;
			files = (
			);
			runOnlyForDeploymentPostprocessing = 0;
		};
		08A7182F2A991DD900DE3547 /* Resources */ = {
			isa = PBXResourcesBuildPhase;
			buildActionMask = 2147483647;
			files = (
			);
			runOnlyForDeploymentPostprocessing = 0;
		};
/* End PBXResourcesBuildPhase section */

/* Begin PBXSourcesBuildPhase section */
		08A718122A991DD700DE3547 /* Sources */ = {
			isa = PBXSourcesBuildPhase;
			buildActionMask = 2147483647;
			files = (
				08A7181C2A991DD700DE3547 /* ContentView.swift in Sources */,
				08A7181A2A991DD700DE3547 /* Text_StuffApp.swift in Sources */,
			);
			runOnlyForDeploymentPostprocessing = 0;
		};
		08A718232A991DD900DE3547 /* Sources */ = {
			isa = PBXSourcesBuildPhase;
			buildActionMask = 2147483647;
			files = (
				08A7182C2A991DD900DE3547 /* Text_StuffTests.swift in Sources */,
			);
			runOnlyForDeploymentPostprocessing = 0;
		};
		08A7182D2A991DD900DE3547 /* Sources */ = {
			isa = PBXSourcesBuildPhase;
			buildActionMask = 2147483647;
			files = (
				08A718382A991DD900DE3547 /* Text_StuffUITestsLaunchTests.swift in Sources */,
				08A718362A991DD900DE3547 /* Text_StuffUITests.swift in Sources */,
			);
			runOnlyForDeploymentPostprocessing = 0;
		};
/* End PBXSourcesBuildPhase section */

/* Begin PBXTargetDependency section */
		08A718292A991DD900DE3547 /* PBXTargetDependency */ = {
			isa = PBXTargetDependency;
			target = 08A718152A991DD700DE3547 /* Text Stuff */;
			targetProxy = 08A718282A991DD900DE3547 /* PBXContainerItemProxy */;
		};
		08A718332A991DD900DE3547 /* PBXTargetDependency */ = {
			isa = PBXTargetDependency;
			target = 08A718152A991DD700DE3547 /* Text Stuff */;
			targetProxy = 08A718322A991DD900DE3547 /* PBXContainerItemProxy */;
		};
/* End PBXTargetDependency section */

/* Begin XCBuildConfiguration section */
		08A718392A991DD900DE3547 /* Debug */ = {
			isa = XCBuildConfiguration;
			buildSettings = {
				ALWAYS_SEARCH_USER_PATHS = NO;
				CLANG_ANALYZER_NONNULL = YES;
				CLANG_ANALYZER_NUMBER_OBJECT_CONVERSION = YES_AGGRESSIVE;
				CLANG_CXX_LANGUAGE_STANDARD = "gnu++20";
				CLANG_ENABLE_MODULES = YES;
				CLANG_ENABLE_OBJC_ARC = YES;
				CLANG_ENABLE_OBJC_WEAK = YES;
				CLANG_WARN_BLOCK_CAPTURE_AUTORELEASING = YES;
				CLANG_WARN_BOOL_CONVERSION = YES;
				CLANG_WARN_COMMA = YES;
				CLANG_WARN_CONSTANT_CONVERSION = YES;
				CLANG_WARN_DEPRECATED_OBJC_IMPLEMENTATIONS = YES;
				CLANG_WARN_DIRECT_OBJC_ISA_USAGE = YES_ERROR;
				CLANG_WARN_DOCUMENTATION_COMMENTS = YES;
				CLANG_WARN_EMPTY_BODY = YES;
				CLANG_WARN_ENUM_CONVERSION = YES;
				CLANG_WARN_INFINITE_RECURSION = YES;
				CLANG_WARN_INT_CONVERSION = YES;
				CLANG_WARN_NON_LITERAL_NULL_CONVERSION = YES;
				CLANG_WARN_OBJC_IMPLICIT_RETAIN_SELF = YES;
				CLANG_WARN_OBJC_LITERAL_CONVERSION = YES;
				CLANG_WARN_OBJC_ROOT_CLASS = YES_ERROR;
				CLANG_WARN_QUOTED_INCLUDE_IN_FRAMEWORK_HEADER = YES;
				CLANG_WARN_RANGE_LOOP_ANALYSIS = YES;
				CLANG_WARN_STRICT_PROTOTYPES = YES;
				CLANG_WARN_SUSPICIOUS_MOVE = YES;
				CLANG_WARN_UNGUARDED_AVAILABILITY = YES_AGGRESSIVE;
				CLANG_WARN_UNREACHABLE_CODE = YES;
				CLANG_WARN__DUPLICATE_METHOD_MATCH = YES;
				COPY_PHASE_STRIP = NO;
				DEBUG_INFORMATION_FORMAT = dwarf;
				ENABLE_STRICT_OBJC_MSGSEND = YES;
				ENABLE_TESTABILITY = YES;
				GCC_C_LANGUAGE_STANDARD = gnu11;
				GCC_DYNAMIC_NO_PIC = NO;
				GCC_NO_COMMON_BLOCKS = YES;
				GCC_OPTIMIZATION_LEVEL = 0;
				GCC_PREPROCESSOR_DEFINITIONS = (
					"DEBUG=1",
					"$(inherited)",
				);
				GCC_WARN_64_TO_32_BIT_CONVERSION = YES;
				GCC_WARN_ABOUT_RETURN_TYPE = YES_ERROR;
				GCC_WARN_UNDECLARED_SELECTOR = YES;
				GCC_WARN_UNINITIALIZED_AUTOS = YES_AGGRESSIVE;
				GCC_WARN_UNUSED_FUNCTION = YES;
				GCC_WARN_UNUSED_VARIABLE = YES;
				MTL_ENABLE_DEBUG_INFO = INCLUDE_SOURCE;
				MTL_FAST_MATH = YES;
				ONLY_ACTIVE_ARCH = YES;
				SWIFT_ACTIVE_COMPILATION_CONDITIONS = DEBUG;
				SWIFT_OPTIMIZATION_LEVEL = "-Onone";
			};
			name = Debug;
		};
		08A7183A2A991DD900DE3547 /* Release */ = {
			isa = XCBuildConfiguration;
			buildSettings = {
				ALWAYS_SEARCH_USER_PATHS = NO;
				CLANG_ANALYZER_NONNULL = YES;
				CLANG_ANALYZER_NUMBER_OBJECT_CONVERSION = YES_AGGRESSIVE;
				CLANG_CXX_LANGUAGE_STANDARD = "gnu++20";
				CLANG_ENABLE_MODULES = YES;
				CLANG_ENABLE_OBJC_ARC = YES;
				CLANG_ENABLE_OBJC_WEAK = YES;
				CLANG_WARN_BLOCK_CAPTURE_AUTORELEASING = YES;
				CLANG_WARN_BOOL_CONVERSION = YES;
				CLANG_WARN_COMMA = YES;
				CLANG_WARN_CONSTANT_CONVERSION = YES;
				CLANG_WARN_DEPRECATED_OBJC_IMPLEMENTATIONS = YES;
				CLANG_WARN_DIRECT_OBJC_ISA_USAGE = YES_ERROR;
				CLANG_WARN_DOCUMENTATION_COMMENTS = YES;
				CLANG_WARN_EMPTY_BODY = YES;
				CLANG_WARN_ENUM_CONVERSION = YES;
				CLANG_WARN_INFINITE_RECURSION = YES;
				CLANG_WARN_INT_CONVERSION = YES;
				CLANG_WARN_NON_LITERAL_NULL_CONVERSION = YES;
				CLANG_WARN_OBJC_IMPLICIT_RETAIN_SELF = YES;
				CLANG_WARN_OBJC_LITERAL_CONVERSION = YES;
				CLANG_WARN_OBJC_ROOT_CLASS = YES_ERROR;
				CLANG_WARN_QUOTED_INCLUDE_IN_FRAMEWORK_HEADER = YES;
				CLANG_WARN_RANGE_LOOP_ANALYSIS = YES;
				CLANG_WARN_STRICT_PROTOTYPES = YES;
				CLANG_WARN_SUSPICIOUS_MOVE = YES;
				CLANG_WARN_UNGUARDED_AVAILABILITY = YES_AGGRESSIVE;
				CLANG_WARN_UNREACHABLE_CODE = YES;
				CLANG_WARN__DUPLICATE_METHOD_MATCH = YES;
				COPY_PHASE_STRIP = NO;
				DEBUG_INFORMATION_FORMAT = "dwarf-with-dsym";
				ENABLE_NS_ASSERTIONS = NO;
				ENABLE_STRICT_OBJC_MSGSEND = YES;
				GCC_C_LANGUAGE_STANDARD = gnu11;
				GCC_NO_COMMON_BLOCKS = YES;
				GCC_WARN_64_TO_32_BIT_CONVERSION = YES;
				GCC_WARN_ABOUT_RETURN_TYPE = YES_ERROR;
				GCC_WARN_UNDECLARED_SELECTOR = YES;
				GCC_WARN_UNINITIALIZED_AUTOS = YES_AGGRESSIVE;
				GCC_WARN_UNUSED_FUNCTION = YES;
				GCC_WARN_UNUSED_VARIABLE = YES;
				MTL_ENABLE_DEBUG_INFO = NO;
				MTL_FAST_MATH = YES;
				SWIFT_COMPILATION_MODE = wholemodule;
				SWIFT_OPTIMIZATION_LEVEL = "-O";
			};
			name = Release;
		};
		08A7183C2A991DD900DE3547 /* Debug */ = {
			isa = XCBuildConfiguration;
			buildSettings = {
				ASSETCATALOG_COMPILER_APPICON_NAME = AppIcon;
				ASSETCATALOG_COMPILER_GLOBAL_ACCENT_COLOR_NAME = AccentColor;
				CODE_SIGN_ENTITLEMENTS = "Text Stuff/Text_Stuff.entitlements";
				CODE_SIGN_STYLE = Automatic;
				CURRENT_PROJECT_VERSION = 1;
				DEVELOPMENT_ASSET_PATHS = "\"Text Stuff/Preview Content\"";
				ENABLE_PREVIEWS = YES;
				GENERATE_INFOPLIST_FILE = YES;
				"INFOPLIST_KEY_UIApplicationSceneManifest_Generation[sdk=iphoneos*]" = YES;
				"INFOPLIST_KEY_UIApplicationSceneManifest_Generation[sdk=iphonesimulator*]" = YES;
				"INFOPLIST_KEY_UIApplicationSupportsIndirectInputEvents[sdk=iphoneos*]" = YES;
				"INFOPLIST_KEY_UIApplicationSupportsIndirectInputEvents[sdk=iphonesimulator*]" = YES;
				"INFOPLIST_KEY_UILaunchScreen_Generation[sdk=iphoneos*]" = YES;
				"INFOPLIST_KEY_UILaunchScreen_Generation[sdk=iphonesimulator*]" = YES;
				"INFOPLIST_KEY_UIStatusBarStyle[sdk=iphoneos*]" = UIStatusBarStyleDefault;
				"INFOPLIST_KEY_UIStatusBarStyle[sdk=iphonesimulator*]" = UIStatusBarStyleDefault;
				INFOPLIST_KEY_UISupportedInterfaceOrientations_iPad = "UIInterfaceOrientationPortrait UIInterfaceOrientationPortraitUpsideDown UIInterfaceOrientationLandscapeLeft UIInterfaceOrientationLandscapeRight";
				INFOPLIST_KEY_UISupportedInterfaceOrientations_iPhone = "UIInterfaceOrientationPortrait UIInterfaceOrientationLandscapeLeft UIInterfaceOrientationLandscapeRight";
				IPHONEOS_DEPLOYMENT_TARGET = 16.4;
				LD_RUNPATH_SEARCH_PATHS = "@executable_path/Frameworks";
				"LD_RUNPATH_SEARCH_PATHS[sdk=macosx*]" = "@executable_path/../Frameworks";
				MACOSX_DEPLOYMENT_TARGET = 13.3;
				MARKETING_VERSION = 1.0;
				PRODUCT_BUNDLE_IDENTIFIER = "TS.Text-Stuff";
				PRODUCT_NAME = "$(TARGET_NAME)";
				SDKROOT = auto;
				SUPPORTED_PLATFORMS = "iphoneos iphonesimulator macosx";
				SWIFT_EMIT_LOC_STRINGS = YES;
				SWIFT_VERSION = 5.0;
				TARGETED_DEVICE_FAMILY = "1,2";
			};
			name = Debug;
		};
		08A7183D2A991DD900DE3547 /* Release */ = {
			isa = XCBuildConfiguration;
			buildSettings = {
				ASSETCATALOG_COMPILER_APPICON_NAME = AppIcon;
				ASSETCATALOG_COMPILER_GLOBAL_ACCENT_COLOR_NAME = AccentColor;
				CODE_SIGN_ENTITLEMENTS = "Text Stuff/Text_Stuff.entitlements";
				CODE_SIGN_STYLE = Automatic;
				CURRENT_PROJECT_VERSION = 1;
				DEVELOPMENT_ASSET_PATHS = "\"Text Stuff/Preview Content\"";
				ENABLE_PREVIEWS = YES;
				GENERATE_INFOPLIST_FILE = YES;
				"INFOPLIST_KEY_UIApplicationSceneManifest_Generation[sdk=iphoneos*]" = YES;
				"INFOPLIST_KEY_UIApplicationSceneManifest_Generation[sdk=iphonesimulator*]" = YES;
				"INFOPLIST_KEY_UIApplicationSupportsIndirectInputEvents[sdk=iphoneos*]" = YES;
				"INFOPLIST_KEY_UIApplicationSupportsIndirectInputEvents[sdk=iphonesimulator*]" = YES;
				"INFOPLIST_KEY_UILaunchScreen_Generation[sdk=iphoneos*]" = YES;
				"INFOPLIST_KEY_UILaunchScreen_Generation[sdk=iphonesimulator*]" = YES;
				"INFOPLIST_KEY_UIStatusBarStyle[sdk=iphoneos*]" = UIStatusBarStyleDefault;
				"INFOPLIST_KEY_UIStatusBarStyle[sdk=iphonesimulator*]" = UIStatusBarStyleDefault;
				INFOPLIST_KEY_UISupportedInterfaceOrientations_iPad = "UIInterfaceOrientationPortrait UIInterfaceOrientationPortraitUpsideDown UIInterfaceOrientationLandscapeLeft UIInterfaceOrientationLandscapeRight";
				INFOPLIST_KEY_UISupportedInterfaceOrientations_iPhone = "UIInterfaceOrientationPortrait UIInterfaceOrientationLandscapeLeft UIInterfaceOrientationLandscapeRight";
				IPHONEOS_DEPLOYMENT_TARGET = 16.4;
				LD_RUNPATH_SEARCH_PATHS = "@executable_path/Frameworks";
				"LD_RUNPATH_SEARCH_PATHS[sdk=macosx*]" = "@executable_path/../Frameworks";
				MACOSX_DEPLOYMENT_TARGET = 13.3;
				MARKETING_VERSION = 1.0;
				PRODUCT_BUNDLE_IDENTIFIER = "TS.Text-Stuff";
				PRODUCT_NAME = "$(TARGET_NAME)";
				SDKROOT = auto;
				SUPPORTED_PLATFORMS = "iphoneos iphonesimulator macosx";
				SWIFT_EMIT_LOC_STRINGS = YES;
				SWIFT_VERSION = 5.0;
				TARGETED_DEVICE_FAMILY = "1,2";
			};
			name = Release;
		};
		08A7183F2A991DD900DE3547 /* Debug */ = {
			isa = XCBuildConfiguration;
			buildSettings = {
				ALWAYS_EMBED_SWIFT_STANDARD_LIBRARIES = YES;
				BUNDLE_LOADER = "$(TEST_HOST)";
				CODE_SIGN_STYLE = Automatic;
				CURRENT_PROJECT_VERSION = 1;
				GENERATE_INFOPLIST_FILE = YES;
				IPHONEOS_DEPLOYMENT_TARGET = 16.4;
				MACOSX_DEPLOYMENT_TARGET = 13.3;
				MARKETING_VERSION = 1.0;
				PRODUCT_BUNDLE_IDENTIFIER = "TS.Text-StuffTests";
				PRODUCT_NAME = "$(TARGET_NAME)";
				SDKROOT = auto;
				SUPPORTED_PLATFORMS = "iphoneos iphonesimulator macosx";
				SWIFT_EMIT_LOC_STRINGS = NO;
				SWIFT_VERSION = 5.0;
				TARGETED_DEVICE_FAMILY = "1,2";
				TEST_HOST = "$(BUILT_PRODUCTS_DIR)/Text Stuff.app/$(BUNDLE_EXECUTABLE_FOLDER_PATH)/Text Stuff";
			};
			name = Debug;
		};
		08A718402A991DD900DE3547 /* Release */ = {
			isa = XCBuildConfiguration;
			buildSettings = {
				ALWAYS_EMBED_SWIFT_STANDARD_LIBRARIES = YES;
				BUNDLE_LOADER = "$(TEST_HOST)";
				CODE_SIGN_STYLE = Automatic;
				CURRENT_PROJECT_VERSION = 1;
				GENERATE_INFOPLIST_FILE = YES;
				IPHONEOS_DEPLOYMENT_TARGET = 16.4;
				MACOSX_DEPLOYMENT_TARGET = 13.3;
				MARKETING_VERSION = 1.0;
				PRODUCT_BUNDLE_IDENTIFIER = "TS.Text-StuffTests";
				PRODUCT_NAME = "$(TARGET_NAME)";
				SDKROOT = auto;
				SUPPORTED_PLATFORMS = "iphoneos iphonesimulator macosx";
				SWIFT_EMIT_LOC_STRINGS = NO;
				SWIFT_VERSION = 5.0;
				TARGETED_DEVICE_FAMILY = "1,2";
				TEST_HOST = "$(BUILT_PRODUCTS_DIR)/Text Stuff.app/$(BUNDLE_EXECUTABLE_FOLDER_PATH)/Text Stuff";
			};
			name = Release;
		};
		08A718422A991DD900DE3547 /* Debug */ = {
			isa = XCBuildConfiguration;
			buildSettings = {
				ALWAYS_EMBED_SWIFT_STANDARD_LIBRARIES = YES;
				CODE_SIGN_STYLE = Automatic;
				CURRENT_PROJECT_VERSION = 1;
				GENERATE_INFOPLIST_FILE = YES;
				IPHONEOS_DEPLOYMENT_TARGET = 16.4;
				MACOSX_DEPLOYMENT_TARGET = 13.3;
				MARKETING_VERSION = 1.0;
				PRODUCT_BUNDLE_IDENTIFIER = "TS.Text-StuffUITests";
				PRODUCT_NAME = "$(TARGET_NAME)";
				SDKROOT = auto;
				SUPPORTED_PLATFORMS = "iphoneos iphonesimulator macosx";
				SWIFT_EMIT_LOC_STRINGS = NO;
				SWIFT_VERSION = 5.0;
				TARGETED_DEVICE_FAMILY = "1,2";
				TEST_TARGET_NAME = "Text Stuff";
			};
			name = Debug;
		};
		08A718432A991DD900DE3547 /* Release */ = {
			isa = XCBuildConfiguration;
			buildSettings = {
				ALWAYS_EMBED_SWIFT_STANDARD_LIBRARIES = YES;
				CODE_SIGN_STYLE = Automatic;
				CURRENT_PROJECT_VERSION = 1;
				GENERATE_INFOPLIST_FILE = YES;
				IPHONEOS_DEPLOYMENT_TARGET = 16.4;
				MACOSX_DEPLOYMENT_TARGET = 13.3;
				MARKETING_VERSION = 1.0;
				PRODUCT_BUNDLE_IDENTIFIER = "TS.Text-StuffUITests";
				PRODUCT_NAME = "$(TARGET_NAME)";
				SDKROOT = auto;
				SUPPORTED_PLATFORMS = "iphoneos iphonesimulator macosx";
				SWIFT_EMIT_LOC_STRINGS = NO;
				SWIFT_VERSION = 5.0;
				TARGETED_DEVICE_FAMILY = "1,2";
				TEST_TARGET_NAME = "Text Stuff";
			};
			name = Release;
		};
/* End XCBuildConfiguration section */

/* Begin XCConfigurationList section */
		08A718112A991DD700DE3547 /* Build configuration list for PBXProject "Text Stuff" */ = {
			isa = XCConfigurationList;
			buildConfigurations = (
				08A718392A991DD900DE3547 /* Debug */,
				08A7183A2A991DD900DE3547 /* Release */,
			);
			defaultConfigurationIsVisible = 0;
			defaultConfigurationName = Release;
		};
		08A7183B2A991DD900DE3547 /* Build configuration list for PBXNativeTarget "Text Stuff" */ = {
			isa = XCConfigurationList;
			buildConfigurations = (
				08A7183C2A991DD900DE3547 /* Debug */,
				08A7183D2A991DD900DE3547 /* Release */,
			);
			defaultConfigurationIsVisible = 0;
			defaultConfigurationName = Release;
		};
		08A7183E2A991DD900DE3547 /* Build configuration list for PBXNativeTarget "Text StuffTests" */ = {
			isa = XCConfigurationList;
			buildConfigurations = (
				08A7183F2A991DD900DE3547 /* Debug */,
				08A718402A991DD900DE3547 /* Release */,
			);
			defaultConfigurationIsVisible = 0;
			defaultConfigurationName = Release;
		};
		08A718412A991DD900DE3547 /* Build configuration list for PBXNativeTarget "Text StuffUITests" */ = {
			isa = XCConfigurationList;
			buildConfigurations = (
				08A718422A991DD900DE3547 /* Debug */,
				08A718432A991DD900DE3547 /* Release */,
			);
			defaultConfigurationIsVisible = 0;
			defaultConfigurationName = Release;
		};
/* End XCConfigurationList section */
	};
	rootObject = 08A7180E2A991DD700DE3547 /* Project object */;
}
